// !$*UTF8*$!
{
	archiveVersion = 1;
	classes = {
	};
	objectVersion = 51;
	objects = {

/* Begin PBXBuildFile section */
		306D8781254FA127006F2AB1 /* AppDelegate.swift in Sources */ = {isa = PBXBuildFile; fileRef = 306D8780254FA127006F2AB1 /* AppDelegate.swift */; };
		306D8783254FA127006F2AB1 /* SceneDelegate.swift in Sources */ = {isa = PBXBuildFile; fileRef = 306D8782254FA127006F2AB1 /* SceneDelegate.swift */; };
		306D8785254FA127006F2AB1 /* ViewController.swift in Sources */ = {isa = PBXBuildFile; fileRef = 306D8784254FA127006F2AB1 /* ViewController.swift */; };
		306D8788254FA127006F2AB1 /* Main.storyboard in Resources */ = {isa = PBXBuildFile; fileRef = 306D8786254FA127006F2AB1 /* Main.storyboard */; };
		306D878A254FA127006F2AB1 /* Assets.xcassets in Resources */ = {isa = PBXBuildFile; fileRef = 306D8789254FA127006F2AB1 /* Assets.xcassets */; };
		306D878D254FA127006F2AB1 /* LaunchScreen.storyboard in Resources */ = {isa = PBXBuildFile; fileRef = 306D878B254FA127006F2AB1 /* LaunchScreen.storyboard */; };
		306D879B254FC71B006F2AB1 /* UIButton+.swift in Sources */ = {isa = PBXBuildFile; fileRef = 306D879A254FC71B006F2AB1 /* UIButton+.swift */; };
		D3062985F016470ACB99A4E8 /* Pods_RxSwiftEx03.framework in Frameworks */ = {isa = PBXBuildFile; fileRef = DA5F2B9DC91D718F51C42516 /* Pods_RxSwiftEx03.framework */; };
/* End PBXBuildFile section */

/* Begin PBXFileReference section */
		2F638821E5726D27CB96F908 /* Pods-RxSwiftEx03.release.xcconfig */ = {isa = PBXFileReference; includeInIndex = 1; lastKnownFileType = text.xcconfig; name = "Pods-RxSwiftEx03.release.xcconfig"; path = "Target Support Files/Pods-RxSwiftEx03/Pods-RxSwiftEx03.release.xcconfig"; sourceTree = "<group>"; };
		306D877D254FA127006F2AB1 /* RxSwiftEx03.app */ = {isa = PBXFileReference; explicitFileType = wrapper.application; includeInIndex = 0; path = RxSwiftEx03.app; sourceTree = BUILT_PRODUCTS_DIR; };
		306D8780254FA127006F2AB1 /* AppDelegate.swift */ = {isa = PBXFileReference; lastKnownFileType = sourcecode.swift; path = AppDelegate.swift; sourceTree = "<group>"; };
		306D8782254FA127006F2AB1 /* SceneDelegate.swift */ = {isa = PBXFileReference; lastKnownFileType = sourcecode.swift; path = SceneDelegate.swift; sourceTree = "<group>"; };
		306D8784254FA127006F2AB1 /* ViewController.swift */ = {isa = PBXFileReference; lastKnownFileType = sourcecode.swift; path = ViewController.swift; sourceTree = "<group>"; };
		306D8787254FA127006F2AB1 /* Base */ = {isa = PBXFileReference; lastKnownFileType = file.storyboard; name = Base; path = Base.lproj/Main.storyboard; sourceTree = "<group>"; };
		306D8789254FA127006F2AB1 /* Assets.xcassets */ = {isa = PBXFileReference; lastKnownFileType = folder.assetcatalog; path = Assets.xcassets; sourceTree = "<group>"; };
		306D878C254FA127006F2AB1 /* Base */ = {isa = PBXFileReference; lastKnownFileType = file.storyboard; name = Base; path = Base.lproj/LaunchScreen.storyboard; sourceTree = "<group>"; };
		306D878E254FA127006F2AB1 /* Info.plist */ = {isa = PBXFileReference; lastKnownFileType = text.plist.xml; path = Info.plist; sourceTree = "<group>"; };
		306D879A254FC71B006F2AB1 /* UIButton+.swift */ = {isa = PBXFileReference; lastKnownFileType = sourcecode.swift; path = "UIButton+.swift"; sourceTree = "<group>"; };
		DA5F2B9DC91D718F51C42516 /* Pods_RxSwiftEx03.framework */ = {isa = PBXFileReference; explicitFileType = wrapper.framework; includeInIndex = 0; path = Pods_RxSwiftEx03.framework; sourceTree = BUILT_PRODUCTS_DIR; };
		E110DB701249A48800DC490F /* Pods-RxSwiftEx03.debug.xcconfig */ = {isa = PBXFileReference; includeInIndex = 1; lastKnownFileType = text.xcconfig; name = "Pods-RxSwiftEx03.debug.xcconfig"; path = "Target Support Files/Pods-RxSwiftEx03/Pods-RxSwiftEx03.debug.xcconfig"; sourceTree = "<group>"; };
/* End PBXFileReference section */

/* Begin PBXFrameworksBuildPhase section */
		306D877A254FA127006F2AB1 /* Frameworks */ = {
			isa = PBXFrameworksBuildPhase;
			buildActionMask = 2147483647;
			files = (
				D3062985F016470ACB99A4E8 /* Pods_RxSwiftEx03.framework in Frameworks */,
			);
			runOnlyForDeploymentPostprocessing = 0;
		};
/* End PBXFrameworksBuildPhase section */

/* Begin PBXGroup section */
		306D8774254FA127006F2AB1 = {
			isa = PBXGroup;
			children = (
				306D877F254FA127006F2AB1 /* RxSwiftEx03 */,
				306D877E254FA127006F2AB1 /* Products */,
				F1C7CC0CCC9590F54D3693B3 /* Pods */,
				5C422984BED6DA443F966EE5 /* Frameworks */,
			);
			sourceTree = "<group>";
		};
		306D877E254FA127006F2AB1 /* Products */ = {
			isa = PBXGroup;
			children = (
				306D877D254FA127006F2AB1 /* RxSwiftEx03.app */,
			);
			name = Products;
			sourceTree = "<group>";
		};
		306D877F254FA127006F2AB1 /* RxSwiftEx03 */ = {
			isa = PBXGroup;
			children = (
				306D8780254FA127006F2AB1 /* AppDelegate.swift */,
				306D8782254FA127006F2AB1 /* SceneDelegate.swift */,
				306D8784254FA127006F2AB1 /* ViewController.swift */,
				306D8786254FA127006F2AB1 /* Main.storyboard */,
				306D8789254FA127006F2AB1 /* Assets.xcassets */,
				306D878B254FA127006F2AB1 /* LaunchScreen.storyboard */,
				306D878E254FA127006F2AB1 /* Info.plist */,
				306D879A254FC71B006F2AB1 /* UIButton+.swift */,
			);
			path = RxSwiftEx03;
			sourceTree = "<group>";
		};
		5C422984BED6DA443F966EE5 /* Frameworks */ = {
			isa = PBXGroup;
			children = (
				DA5F2B9DC91D718F51C42516 /* Pods_RxSwiftEx03.framework */,
			);
			name = Frameworks;
			sourceTree = "<group>";
		};
		F1C7CC0CCC9590F54D3693B3 /* Pods */ = {
			isa = PBXGroup;
			children = (
				E110DB701249A48800DC490F /* Pods-RxSwiftEx03.debug.xcconfig */,
				2F638821E5726D27CB96F908 /* Pods-RxSwiftEx03.release.xcconfig */,
			);
			path = Pods;
			sourceTree = "<group>";
		};
/* End PBXGroup section */

/* Begin PBXNativeTarget section */
		306D877C254FA127006F2AB1 /* RxSwiftEx03 */ = {
			isa = PBXNativeTarget;
			buildConfigurationList = 306D8791254FA127006F2AB1 /* Build configuration list for PBXNativeTarget "RxSwiftEx03" */;
			buildPhases = (
				ED404428943934269AF87A60 /* [CP] Check Pods Manifest.lock */,
				306D8779254FA127006F2AB1 /* Sources */,
				306D877A254FA127006F2AB1 /* Frameworks */,
				306D877B254FA127006F2AB1 /* Resources */,
				2EB7EEABF078D4AC57D6EABF /* [CP] Embed Pods Frameworks */,
			);
			buildRules = (
			);
			dependencies = (
			);
			name = RxSwiftEx03;
			productName = RxSwiftEx03;
			productReference = 306D877D254FA127006F2AB1 /* RxSwiftEx03.app */;
			productType = "com.apple.product-type.application";
		};
/* End PBXNativeTarget section */

/* Begin PBXProject section */
		306D8775254FA127006F2AB1 /* Project object */ = {
			isa = PBXProject;
			attributes = {
				LastSwiftUpdateCheck = 1210;
				LastUpgradeCheck = 1210;
				TargetAttributes = {
					306D877C254FA127006F2AB1 = {
						CreatedOnToolsVersion = 12.1;
					};
				};
			};
			buildConfigurationList = 306D8778254FA127006F2AB1 /* Build configuration list for PBXProject "RxSwiftEx03" */;
			compatibilityVersion = "Xcode 9.3";
			developmentRegion = en;
			hasScannedForEncodings = 0;
			knownRegions = (
				en,
				Base,
			);
			mainGroup = 306D8774254FA127006F2AB1;
			productRefGroup = 306D877E254FA127006F2AB1 /* Products */;
			projectDirPath = "";
			projectRoot = "";
			targets = (
				306D877C254FA127006F2AB1 /* RxSwiftEx03 */,
			);
		};
/* End PBXProject section */

/* Begin PBXResourcesBuildPhase section */
		306D877B254FA127006F2AB1 /* Resources */ = {
			isa = PBXResourcesBuildPhase;
			buildActionMask = 2147483647;
			files = (
				306D878D254FA127006F2AB1 /* LaunchScreen.storyboard in Resources */,
				306D878A254FA127006F2AB1 /* Assets.xcassets in Resources */,
				306D8788254FA127006F2AB1 /* Main.storyboard in Resources */,
			);
			runOnlyForDeploymentPostprocessing = 0;
		};
/* End PBXResourcesBuildPhase section */

/* Begin PBXShellScriptBuildPhase section */
		2EB7EEABF078D4AC57D6EABF /* [CP] Embed Pods Frameworks */ = {
			isa = PBXShellScriptBuildPhase;
			buildActionMask = 2147483647;
			files = (
			);
			inputFileListPaths = (
				"${PODS_ROOT}/Target Support Files/Pods-RxSwiftEx03/Pods-RxSwiftEx03-frameworks-${CONFIGURATION}-input-files.xcfilelist",
			);
			name = "[CP] Embed Pods Frameworks";
			outputFileListPaths = (
				"${PODS_ROOT}/Target Support Files/Pods-RxSwiftEx03/Pods-RxSwiftEx03-frameworks-${CONFIGURATION}-output-files.xcfilelist",
			);
			runOnlyForDeploymentPostprocessing = 0;
			shellPath = /bin/sh;
			shellScript = "\"${PODS_ROOT}/Target Support Files/Pods-RxSwiftEx03/Pods-RxSwiftEx03-frameworks.sh\"\n";
			showEnvVarsInLog = 0;
		};
		ED404428943934269AF87A60 /* [CP] Check Pods Manifest.lock */ = {
			isa = PBXShellScriptBuildPhase;
			buildActionMask = 2147483647;
			files = (
			);
			inputFileListPaths = (
			);
			inputPaths = (
				"${PODS_PODFILE_DIR_PATH}/Podfile.lock",
				"${PODS_ROOT}/Manifest.lock",
			);
			name = "[CP] Check Pods Manifest.lock";
			outputFileListPaths = (
			);
			outputPaths = (
				"$(DERIVED_FILE_DIR)/Pods-RxSwiftEx03-checkManifestLockResult.txt",
			);
			runOnlyForDeploymentPostprocessing = 0;
			shellPath = /bin/sh;
			shellScript = "diff \"${PODS_PODFILE_DIR_PATH}/Podfile.lock\" \"${PODS_ROOT}/Manifest.lock\" > /dev/null\nif [ $? != 0 ] ; then\n    # print error to STDERR\n    echo \"error: The sandbox is not in sync with the Podfile.lock. Run 'pod install' or update your CocoaPods installation.\" >&2\n    exit 1\nfi\n# This output is used by Xcode 'outputs' to avoid re-running this script phase.\necho \"SUCCESS\" > \"${SCRIPT_OUTPUT_FILE_0}\"\n";
			showEnvVarsInLog = 0;
		};
/* End PBXShellScriptBuildPhase section */

/* Begin PBXSourcesBuildPhase section */
		306D8779254FA127006F2AB1 /* Sources */ = {
			isa = PBXSourcesBuildPhase;
			buildActionMask = 2147483647;
			files = (
				306D8785254FA127006F2AB1 /* ViewController.swift in Sources */,
				306D8781254FA127006F2AB1 /* AppDelegate.swift in Sources */,
				306D8783254FA127006F2AB1 /* SceneDelegate.swift in Sources */,
				306D879B254FC71B006F2AB1 /* UIButton+.swift in Sources */,
			);
			runOnlyForDeploymentPostprocessing = 0;
		};
/* End PBXSourcesBuildPhase section */

/* Begin PBXVariantGroup section */
		306D8786254FA127006F2AB1 /* Main.storyboard */ = {
			isa = PBXVariantGroup;
			children = (
				306D8787254FA127006F2AB1 /* Base */,
			);
			name = Main.storyboard;
			sourceTree = "<group>";
		};
		306D878B254FA127006F2AB1 /* LaunchScreen.storyboard */ = {
			isa = PBXVariantGroup;
			children = (
				306D878C254FA127006F2AB1 /* Base */,
			);
			name = LaunchScreen.storyboard;
			sourceTree = "<group>";
		};
/* End PBXVariantGroup section */

/* Begin XCBuildConfiguration section */
		306D878F254FA127006F2AB1 /* Debug */ = {
			isa = XCBuildConfiguration;
			buildSettings = {
				ALWAYS_SEARCH_USER_PATHS = NO;
				CLANG_ANALYZER_NONNULL = YES;
				CLANG_ANALYZER_NUMBER_OBJECT_CONVERSION = YES_AGGRESSIVE;
				CLANG_CXX_LANGUAGE_STANDARD = "gnu++14";
				CLANG_CXX_LIBRARY = "libc++";
				CLANG_ENABLE_MODULES = YES;
				CLANG_ENABLE_OBJC_ARC = YES;
				CLANG_ENABLE_OBJC_WEAK = YES;
				CLANG_WARN_BLOCK_CAPTURE_AUTORELEASING = YES;
				CLANG_WARN_BOOL_CONVERSION = YES;
				CLANG_WARN_COMMA = YES;
				CLANG_WARN_CONSTANT_CONVERSION = YES;
				CLANG_WARN_DEPRECATED_OBJC_IMPLEMENTATIONS = YES;
				CLANG_WARN_DIRECT_OBJC_ISA_USAGE = YES_ERROR;
				CLANG_WARN_DOCUMENTATION_COMMENTS = YES;
				CLANG_WARN_EMPTY_BODY = YES;
				CLANG_WARN_ENUM_CONVERSION = YES;
				CLANG_WARN_INFINITE_RECURSION = YES;
				CLANG_WARN_INT_CONVERSION = YES;
				CLANG_WARN_NON_LITERAL_NULL_CONVERSION = YES;
				CLANG_WARN_OBJC_IMPLICIT_RETAIN_SELF = YES;
				CLANG_WARN_OBJC_LITERAL_CONVERSION = YES;
				CLANG_WARN_OBJC_ROOT_CLASS = YES_ERROR;
				CLANG_WARN_QUOTED_INCLUDE_IN_FRAMEWORK_HEADER = YES;
				CLANG_WARN_RANGE_LOOP_ANALYSIS = YES;
				CLANG_WARN_STRICT_PROTOTYPES = YES;
				CLANG_WARN_SUSPICIOUS_MOVE = YES;
				CLANG_WARN_UNGUARDED_AVAILABILITY = YES_AGGRESSIVE;
				CLANG_WARN_UNREACHABLE_CODE = YES;
				CLANG_WARN__DUPLICATE_METHOD_MATCH = YES;
				COPY_PHASE_STRIP = NO;
				DEBUG_INFORMATION_FORMAT = dwarf;
				ENABLE_STRICT_OBJC_MSGSEND = YES;
				ENABLE_TESTABILITY = YES;
				GCC_C_LANGUAGE_STANDARD = gnu11;
				GCC_DYNAMIC_NO_PIC = NO;
				GCC_NO_COMMON_BLOCKS = YES;
				GCC_OPTIMIZATION_LEVEL = 0;
				GCC_PREPROCESSOR_DEFINITIONS = (
					"DEBUG=1",
					"$(inherited)",
				);
				GCC_WARN_64_TO_32_BIT_CONVERSION = YES;
				GCC_WARN_ABOUT_RETURN_TYPE = YES_ERROR;
				GCC_WARN_UNDECLARED_SELECTOR = YES;
				GCC_WARN_UNINITIALIZED_AUTOS = YES_AGGRESSIVE;
				GCC_WARN_UNUSED_FUNCTION = YES;
				GCC_WARN_UNUSED_VARIABLE = YES;
				IPHONEOS_DEPLOYMENT_TARGET = 14.1;
				MTL_ENABLE_DEBUG_INFO = INCLUDE_SOURCE;
				MTL_FAST_MATH = YES;
				ONLY_ACTIVE_ARCH = YES;
				SDKROOT = iphoneos;
				SWIFT_ACTIVE_COMPILATION_CONDITIONS = DEBUG;
				SWIFT_OPTIMIZATION_LEVEL = "-Onone";
			};
			name = Debug;
		};
		306D8790254FA127006F2AB1 /* Release */ = {
			isa = XCBuildConfiguration;
			buildSettings = {
				ALWAYS_SEARCH_USER_PATHS = NO;
				CLANG_ANALYZER_NONNULL = YES;
				CLANG_ANALYZER_NUMBER_OBJECT_CONVERSION = YES_AGGRESSIVE;
				CLANG_CXX_LANGUAGE_STANDARD = "gnu++14";
				CLANG_CXX_LIBRARY = "libc++";
				CLANG_ENABLE_MODULES = YES;
				CLANG_ENABLE_OBJC_ARC = YES;
				CLANG_ENABLE_OBJC_WEAK = YES;
				CLANG_WARN_BLOCK_CAPTURE_AUTORELEASING = YES;
				CLANG_WARN_BOOL_CONVERSION = YES;
				CLANG_WARN_COMMA = YES;
				CLANG_WARN_CONSTANT_CONVERSION = YES;
				CLANG_WARN_DEPRECATED_OBJC_IMPLEMENTATIONS = YES;
				CLANG_WARN_DIRECT_OBJC_ISA_USAGE = YES_ERROR;
				CLANG_WARN_DOCUMENTATION_COMMENTS = YES;
				CLANG_WARN_EMPTY_BODY = YES;
				CLANG_WARN_ENUM_CONVERSION = YES;
				CLANG_WARN_INFINITE_RECURSION = YES;
				CLANG_WARN_INT_CONVERSION = YES;
				CLANG_WARN_NON_LITERAL_NULL_CONVERSION = YES;
				CLANG_WARN_OBJC_IMPLICIT_RETAIN_SELF = YES;
				CLANG_WARN_OBJC_LITERAL_CONVERSION = YES;
				CLANG_WARN_OBJC_ROOT_CLASS = YES_ERROR;
				CLANG_WARN_QUOTED_INCLUDE_IN_FRAMEWORK_HEADER = YES;
				CLANG_WARN_RANGE_LOOP_ANALYSIS = YES;
				CLANG_WARN_STRICT_PROTOTYPES = YES;
				CLANG_WARN_SUSPICIOUS_MOVE = YES;
				CLANG_WARN_UNGUARDED_AVAILABILITY = YES_AGGRESSIVE;
				CLANG_WARN_UNREACHABLE_CODE = YES;
				CLANG_WARN__DUPLICATE_METHOD_MATCH = YES;
				COPY_PHASE_STRIP = NO;
				DEBUG_INFORMATION_FORMAT = "dwarf-with-dsym";
				ENABLE_NS_ASSERTIONS = NO;
				ENABLE_STRICT_OBJC_MSGSEND = YES;
				GCC_C_LANGUAGE_STANDARD = gnu11;
				GCC_NO_COMMON_BLOCKS = YES;
				GCC_WARN_64_TO_32_BIT_CONVERSION = YES;
				GCC_WARN_ABOUT_RETURN_TYPE = YES_ERROR;
				GCC_WARN_UNDECLARED_SELECTOR = YES;
				GCC_WARN_UNINITIALIZED_AUTOS = YES_AGGRESSIVE;
				GCC_WARN_UNUSED_FUNCTION = YES;
				GCC_WARN_UNUSED_VARIABLE = YES;
				IPHONEOS_DEPLOYMENT_TARGET = 14.1;
				MTL_ENABLE_DEBUG_INFO = NO;
				MTL_FAST_MATH = YES;
				SDKROOT = iphoneos;
				SWIFT_COMPILATION_MODE = wholemodule;
				SWIFT_OPTIMIZATION_LEVEL = "-O";
				VALIDATE_PRODUCT = YES;
			};
			name = Release;
		};
		306D8792254FA127006F2AB1 /* Debug */ = {
			isa = XCBuildConfiguration;
			baseConfigurationReference = E110DB701249A48800DC490F /* Pods-RxSwiftEx03.debug.xcconfig */;
			buildSettings = {
				ASSETCATALOG_COMPILER_APPICON_NAME = AppIcon;
				ASSETCATALOG_COMPILER_GLOBAL_ACCENT_COLOR_NAME = AccentColor;
				CODE_SIGN_STYLE = Automatic;
				DEVELOPMENT_TEAM = MJTB562M99;
				INFOPLIST_FILE = RxSwiftEx03/Info.plist;
				LD_RUNPATH_SEARCH_PATHS = (
					"$(inherited)",
					"@executable_path/Frameworks",
				);
				PRODUCT_BUNDLE_IDENTIFIER = com.danny.RxSwiftEx03;
				PRODUCT_NAME = "$(TARGET_NAME)";
				SWIFT_VERSION = 5.0;
				TARGETED_DEVICE_FAMILY = "1,2";
			};
			name = Debug;
		};
		306D8793254FA127006F2AB1 /* Release */ = {
			isa = XCBuildConfiguration;
			baseConfigurationReference = 2F638821E5726D27CB96F908 /* Pods-RxSwiftEx03.release.xcconfig */;
			buildSettings = {
				ASSETCATALOG_COMPILER_APPICON_NAME = AppIcon;
				ASSETCATALOG_COMPILER_GLOBAL_ACCENT_COLOR_NAME = AccentColor;
				CODE_SIGN_STYLE = Automatic;
				DEVELOPMENT_TEAM = MJTB562M99;
				INFOPLIST_FILE = RxSwiftEx03/Info.plist;
				LD_RUNPATH_SEARCH_PATHS = (
					"$(inherited)",
					"@executable_path/Frameworks",
				);
				PRODUCT_BUNDLE_IDENTIFIER = com.danny.RxSwiftEx03;
				PRODUCT_NAME = "$(TARGET_NAME)";
				SWIFT_VERSION = 5.0;
				TARGETED_DEVICE_FAMILY = "1,2";
			};
			name = Release;
		};
/* End XCBuildConfiguration section */

/* Begin XCConfigurationList section */
		306D8778254FA127006F2AB1 /* Build configuration list for PBXProject "RxSwiftEx03" */ = {
			isa = XCConfigurationList;
			buildConfigurations = (
				306D878F254FA127006F2AB1 /* Debug */,
				306D8790254FA127006F2AB1 /* Release */,
			);
			defaultConfigurationIsVisible = 0;
			defaultConfigurationName = Release;
		};
		306D8791254FA127006F2AB1 /* Build configuration list for PBXNativeTarget "RxSwiftEx03" */ = {
			isa = XCConfigurationList;
			buildConfigurations = (
				306D8792254FA127006F2AB1 /* Debug */,
				306D8793254FA127006F2AB1 /* Release */,
			);
			defaultConfigurationIsVisible = 0;
			defaultConfigurationName = Release;
		};
/* End XCConfigurationList section */
	};
	rootObject = 306D8775254FA127006F2AB1 /* Project object */;
}
